
Microsoft Visual Studio Solution File, Format Version 12.00
# Visual Studio Version 16
VisualStudioVersion = 16.0.30907.101
MinimumVisualStudioVersion = 10.0.40219.1
Project("{9A19103F-16F7-4668-BE54-9A1E7A4F7556}") = "KampIntro", "KampIntro\KampIntro.csproj", "{B1602011-2E72-44C8-8E2E-5589560378D6}"
EndProject
Project("{9A19103F-16F7-4668-BE54-9A1E7A4F7556}") = "Donguler", "Donguler\Donguler.csproj", "{B3680959-8804-4873-8F95-10B32D504BCD}"
EndProject
Project("{9A19103F-16F7-4668-BE54-9A1E7A4F7556}") = "ClassIntro", "ClassIntro\ClassIntro.csproj", "{15644CBC-3F60-41C1-8745-3FEFC7D8527B}"
EndProject
Project("{9A19103F-16F7-4668-BE54-9A1E7A4F7556}") = "Metotlar", "Metotlar\Metotlar.csproj", "{1845063D-8CF6-449A-A0A1-62C564D6D4F7}"
EndProject
Project("{FAE04EC0-301F-11D3-BF4B-00C04F79EFBC}") = "Matematik", "Matematik\Matematik.csproj", "{A8BFC158-D662-49E1-BF5D-10F9E3B3D91A}"
EndProject
Project("{FAE04EC0-301F-11D3-BF4B-00C04F79EFBC}") = "DegerVeReferansTipler", "DegerVeReferansTipler\DegerVeReferansTipler.csproj", "{E8BD2FD0-986A-406C-BE42-E2FD6BD2D201}"
EndProject
Global
	GlobalSection(SolutionConfigurationPlatforms) = preSolution
		Debug|Any CPU = Debug|Any CPU
		Release|Any CPU = Release|Any CPU
	EndGlobalSection
	GlobalSection(ProjectConfigurationPlatforms) = postSolution
		{B1602011-2E72-44C8-8E2E-5589560378D6}.Debug|Any CPU.ActiveCfg = Debug|Any CPU
		{B1602011-2E72-44C8-8E2E-5589560378D6}.Debug|Any CPU.Build.0 = Debug|Any CPU
		{B1602011-2E72-44C8-8E2E-5589560378D6}.Release|Any CPU.ActiveCfg = Release|Any CPU
		{B1602011-2E72-44C8-8E2E-5589560378D6}.Release|Any CPU.Build.0 = Release|Any CPU
		{B3680959-8804-4873-8F95-10B32D504BCD}.Debug|Any CPU.ActiveCfg = Debug|Any CPU
		{B3680959-8804-4873-8F95-10B32D504BCD}.Debug|Any CPU.Build.0 = Debug|Any CPU
		{B3680959-8804-4873-8F95-10B32D504BCD}.Release|Any CPU.ActiveCfg = Release|Any CPU
		{B3680959-8804-4873-8F95-10B32D504BCD}.Release|Any CPU.Build.0 = Release|Any CPU
		{15644CBC-3F60-41C1-8745-3FEFC7D8527B}.Debug|Any CPU.ActiveCfg = Debug|Any CPU
		{15644CBC-3F60-41C1-8745-3FEFC7D8527B}.Debug|Any CPU.Build.0 = Debug|Any CPU
		{15644CBC-3F60-41C1-8745-3FEFC7D8527B}.Release|Any CPU.ActiveCfg = Release|Any CPU
		{15644CBC-3F60-41C1-8745-3FEFC7D8527B}.Release|Any CPU.Build.0 = Release|Any CPU
		{1845063D-8CF6-449A-A0A1-62C564D6D4F7}.Debug|Any CPU.ActiveCfg = Debug|Any CPU
		{1845063D-8CF6-449A-A0A1-62C564D6D4F7}.Debug|Any CPU.Build.0 = Debug|Any CPU
		{1845063D-8CF6-449A-A0A1-62C564D6D4F7}.Release|Any CPU.ActiveCfg = Release|Any CPU
		{1845063D-8CF6-449A-A0A1-62C564D6D4F7}.Release|Any CPU.Build.0 = Release|Any CPU
		{A8BFC158-D662-49E1-BF5D-10F9E3B3D91A}.Debug|Any CPU.ActiveCfg = Debug|Any CPU
		{A8BFC158-D662-49E1-BF5D-10F9E3B3D91A}.Debug|Any CPU.Build.0 = Debug|Any CPU
		{A8BFC158-D662-49E1-BF5D-10F9E3B3D91A}.Release|Any CPU.ActiveCfg = Release|Any CPU
		{A8BFC158-D662-49E1-BF5D-10F9E3B3D91A}.Release|Any CPU.Build.0 = Release|Any CPU
		{E8BD2FD0-986A-406C-BE42-E2FD6BD2D201}.Debug|Any CPU.ActiveCfg = Debug|Any CPU
		{E8BD2FD0-986A-406C-BE42-E2FD6BD2D201}.Debug|Any CPU.Build.0 = Debug|Any CPU
		{E8BD2FD0-986A-406C-BE42-E2FD6BD2D201}.Release|Any CPU.ActiveCfg = Release|Any CPU
		{E8BD2FD0-986A-406C-BE42-E2FD6BD2D201}.Release|Any CPU.Build.0 = Release|Any CPU
	EndGlobalSection
	GlobalSection(SolutionProperties) = preSolution
		HideSolutionNode = FALSE
	EndGlobalSection
	GlobalSection(ExtensibilityGlobals) = postSolution
		SolutionGuid = {B990C719-A08C-4649-8DB4-AADCB918046F}
	EndGlobalSection
EndGlobal
